{
  "version": 4,
  "terraform_version": "0.12.17",
  "serial": 29,
  "lineage": "952e5c43-45ca-0b97-a814-d298f5d4ae18",
  "outputs": {},
  "resources": [
    {
      "mode": "managed",
      "type": "aws_internet_gateway",
      "name": "igw",
      "provider": "provider.aws",
      "instances": [
        {
          "schema_version": 0,
          "attributes": {
            "id": "igw-0119349be5e04d430",
            "owner_id": "242906888793",
            "tags": {
              "Name": "nsoroka-training-igw",
              "coherent:owner": "nikolaisoroka@coherentsolutions.com",
              "coherent:project": "devops-training"
            },
            "vpc_id": "vpc-052cd702323a80dae"
          },
          "private": "bnVsbA==",
          "dependencies": [
            "aws_vpc.main"
          ]
        }
      ]
    },
    {
      "mode": "managed",
      "type": "aws_route_table",
      "name": "main",
      "provider": "provider.aws",
      "instances": [
        {
          "schema_version": 0,
          "attributes": {
            "id": "rtb-03a793c6265d98e18",
            "owner_id": "242906888793",
            "propagating_vgws": [],
            "route": [
              {
                "cidr_block": "0.0.0.0/0",
                "egress_only_gateway_id": "",
                "gateway_id": "igw-0119349be5e04d430",
                "instance_id": "",
                "ipv6_cidr_block": "",
                "nat_gateway_id": "",
                "network_interface_id": "",
                "transit_gateway_id": "",
                "vpc_peering_connection_id": ""
              }
            ],
            "tags": {
              "Name": "nsoroka-training-rt",
              "coherent:owner": "nikolaisoroka@coherentsolutions.com",
              "coherent:project": "devops-training"
            },
            "vpc_id": "vpc-052cd702323a80dae"
          },
          "private": "bnVsbA==",
          "dependencies": [
            "aws_internet_gateway.igw",
            "aws_vpc.main"
          ]
        }
      ]
    },
    {
      "mode": "managed",
      "type": "aws_route_table",
      "name": "nat",
      "provider": "provider.aws",
      "instances": [
        {
          "schema_version": 0,
          "attributes": {
            "id": "rtb-0063626cdb8edb050",
            "owner_id": "242906888793",
            "propagating_vgws": [],
            "route": [],
            "tags": {
              "Name": "nsoroka-training-rt-nat",
              "coherent:owner": "nikolaisoroka@coherentsolutions.com",
              "coherent:project": "devops-training"
            },
            "vpc_id": "vpc-052cd702323a80dae"
          },
          "private": "bnVsbA==",
          "dependencies": [
            "aws_vpc.main"
          ]
        }
      ]
    },
    {
      "mode": "managed",
      "type": "aws_route_table_association",
      "name": "main_a",
      "provider": "provider.aws",
      "instances": [
        {
          "schema_version": 0,
          "attributes": {
            "id": "rtbassoc-06db97ef5c3f04240",
            "route_table_id": "rtb-03a793c6265d98e18",
            "subnet_id": "subnet-0a8a75820b941e9fe"
          },
          "private": "bnVsbA==",
          "dependencies": [
            "aws_internet_gateway.igw",
            "aws_route_table.main",
            "aws_subnet.all",
            "aws_vpc.main"
          ]
        }
      ]
    },
    {
      "mode": "managed",
      "type": "aws_route_table_association",
      "name": "main_b",
      "provider": "provider.aws",
      "instances": [
        {
          "schema_version": 0,
          "attributes": {
            "id": "rtbassoc-0d9796bb630f233f5",
            "route_table_id": "rtb-03a793c6265d98e18",
            "subnet_id": "subnet-0dc38b24592e45cdf"
          },
          "private": "bnVsbA==",
          "dependencies": [
            "aws_internet_gateway.igw",
            "aws_route_table.main",
            "aws_subnet.all",
            "aws_vpc.main"
          ]
        }
      ]
    },
    {
      "mode": "managed",
      "type": "aws_route_table_association",
      "name": "nat_a",
      "provider": "provider.aws",
      "instances": [
        {
          "schema_version": 0,
          "attributes": {
            "id": "rtbassoc-0138a46047fca4c5f",
            "route_table_id": "rtb-0063626cdb8edb050",
            "subnet_id": "subnet-05ec08de7a20c7fb9"
          },
          "private": "bnVsbA==",
          "dependencies": [
            "aws_route_table.nat",
            "aws_subnet.all"
          ]
        }
      ]
    },
    {
      "mode": "managed",
      "type": "aws_route_table_association",
      "name": "nat_b",
      "provider": "provider.aws",
      "instances": [
        {
          "schema_version": 0,
          "attributes": {
            "id": "rtbassoc-06a370541811e9cee",
            "route_table_id": "rtb-0063626cdb8edb050",
            "subnet_id": "subnet-0a7b959c8c045d312"
          },
          "private": "bnVsbA==",
          "dependencies": [
            "aws_route_table.nat",
            "aws_subnet.all"
          ]
        }
      ]
    },
    {
      "mode": "managed",
      "type": "aws_route_table_association",
      "name": "nat_c",
      "provider": "provider.aws",
      "instances": [
        {
          "schema_version": 0,
          "attributes": {
            "id": "rtbassoc-02bb76073adb0ea9c",
            "route_table_id": "rtb-0063626cdb8edb050",
            "subnet_id": "subnet-04accec786a9c621e"
          },
          "private": "bnVsbA==",
          "dependencies": [
            "aws_route_table.nat",
            "aws_subnet.all"
          ]
        }
      ]
    },
    {
      "mode": "managed",
      "type": "aws_route_table_association",
      "name": "nat_d",
      "provider": "provider.aws",
      "instances": [
        {
          "schema_version": 0,
          "attributes": {
            "id": "rtbassoc-093a0294ae6d7eab4",
            "route_table_id": "rtb-0063626cdb8edb050",
            "subnet_id": "subnet-040209fd4b7551827"
          },
          "private": "bnVsbA==",
          "dependencies": [
            "aws_route_table.nat",
            "aws_subnet.all"
          ]
        }
      ]
    },
    {
      "mode": "managed",
      "type": "aws_security_group",
      "name": "https",
      "provider": "provider.aws",
      "instances": [
        {
          "schema_version": 1,
          "attributes": {
            "arn": "arn:aws:ec2:us-east-1:242906888793:security-group/sg-03a3023e2f9f6f043",
            "description": "Allow http, https inbound traffic",
            "egress": [],
            "id": "sg-03a3023e2f9f6f043",
            "ingress": [
              {
                "cidr_blocks": [
                  "0.0.0.0/0"
                ],
                "description": "",
                "from_port": 443,
                "ipv6_cidr_blocks": [],
                "prefix_list_ids": [],
                "protocol": "tcp",
                "security_groups": [],
                "self": false,
                "to_port": 443
              },
              {
                "cidr_blocks": [
                  "0.0.0.0/0"
                ],
                "description": "",
                "from_port": 80,
                "ipv6_cidr_blocks": [],
                "prefix_list_ids": [],
                "protocol": "tcp",
                "security_groups": [],
                "self": false,
                "to_port": 80
              },
              {
                "cidr_blocks": [
                  "10.0.0.0/16"
                ],
                "description": "",
                "from_port": 0,
                "ipv6_cidr_blocks": [],
                "prefix_list_ids": [],
                "protocol": "-1",
                "security_groups": [],
                "self": false,
                "to_port": 0
              }
            ],
            "name": "nsoroka-training-sg-http-https",
            "name_prefix": null,
            "owner_id": "242906888793",
            "revoke_rules_on_delete": false,
            "tags": {
              "Name": "nsoroka-training-sg-http-https",
              "coherent:owner": "nikolaisoroka@coherentsolutions.com",
              "coherent:project": "devops-training"
            },
            "timeouts": null,
            "vpc_id": "vpc-052cd702323a80dae"
          },
          "private": "eyJlMmJmYjczMC1lY2FhLTExZTYtOGY4OC0zNDM2M2JjN2M0YzAiOnsiY3JlYXRlIjo2MDAwMDAwMDAwMDAsImRlbGV0ZSI6NjAwMDAwMDAwMDAwfSwic2NoZW1hX3ZlcnNpb24iOiIxIn0=",
          "dependencies": [
            "aws_vpc.main"
          ]
        }
      ]
    },
    {
      "mode": "managed",
      "type": "aws_security_group",
      "name": "ssh",
      "provider": "provider.aws",
      "instances": [
        {
          "schema_version": 1,
          "attributes": {
            "arn": "arn:aws:ec2:us-east-1:242906888793:security-group/sg-067bb05b358acfbde",
            "description": "Allow SSH inbound traffic",
            "egress": [],
            "id": "sg-067bb05b358acfbde",
            "ingress": [
              {
                "cidr_blocks": [
                  "104.59.125.84/32",
                  "216.70.7.11/32",
                  "80.94.174.82/32",
                  "82.209.242.80/29",
                  "86.57.155.180/32",
                  "86.57.158.250/32",
                  "146.120.13.128/28"
                ],
                "description": "",
                "from_port": 22,
                "ipv6_cidr_blocks": [],
                "prefix_list_ids": [],
                "protocol": "tcp",
                "security_groups": [],
                "self": false,
                "to_port": 22
              }
            ],
            "name": "nsoroka-training-sg-ssh",
            "name_prefix": null,
            "owner_id": "242906888793",
            "revoke_rules_on_delete": false,
            "tags": {
              "Name": "nsoroka-training-sg-ssh",
              "coherent:owner": "nikolaisoroka@coherentsolutions.com",
              "coherent:project": "devops-training"
            },
            "timeouts": null,
            "vpc_id": "vpc-052cd702323a80dae"
          },
          "private": "eyJlMmJmYjczMC1lY2FhLTExZTYtOGY4OC0zNDM2M2JjN2M0YzAiOnsiY3JlYXRlIjo2MDAwMDAwMDAwMDAsImRlbGV0ZSI6NjAwMDAwMDAwMDAwfSwic2NoZW1hX3ZlcnNpb24iOiIxIn0=",
          "dependencies": [
            "aws_vpc.main"
          ]
        }
      ]
    },
    {
      "mode": "managed",
      "type": "aws_subnet",
      "name": "all",
      "each": "map",
      "provider": "provider.aws",
      "instances": [
        {
          "index_key": "private_a",
          "schema_version": 1,
          "attributes": {
            "arn": "arn:aws:ec2:us-east-1:242906888793:subnet/subnet-05ec08de7a20c7fb9",
            "assign_ipv6_address_on_creation": false,
            "availability_zone": "us-east-1a",
            "availability_zone_id": "use1-az6",
            "cidr_block": "10.0.10.0/24",
            "id": "subnet-05ec08de7a20c7fb9",
            "ipv6_cidr_block": "",
            "ipv6_cidr_block_association_id": "",
            "map_public_ip_on_launch": false,
            "owner_id": "242906888793",
            "tags": {
              "Name": "nsoroka-training-sn-private-a",
              "coherent:owner": "nikolaisoroka@coherentsolutions.com",
              "coherent:project": "devops-training"
            },
            "timeouts": null,
            "vpc_id": "vpc-052cd702323a80dae"
          },
          "private": "eyJlMmJmYjczMC1lY2FhLTExZTYtOGY4OC0zNDM2M2JjN2M0YzAiOnsiY3JlYXRlIjo2MDAwMDAwMDAwMDAsImRlbGV0ZSI6MTIwMDAwMDAwMDAwMH0sInNjaGVtYV92ZXJzaW9uIjoiMSJ9",
          "dependencies": [
            "aws_vpc.main"
          ]
        },
        {
          "index_key": "private_b",
          "schema_version": 1,
          "attributes": {
            "arn": "arn:aws:ec2:us-east-1:242906888793:subnet/subnet-0a7b959c8c045d312",
            "assign_ipv6_address_on_creation": false,
            "availability_zone": "us-east-1b",
            "availability_zone_id": "use1-az1",
            "cidr_block": "10.0.11.0/24",
            "id": "subnet-0a7b959c8c045d312",
            "ipv6_cidr_block": "",
            "ipv6_cidr_block_association_id": "",
            "map_public_ip_on_launch": false,
            "owner_id": "242906888793",
            "tags": {
              "Name": "nsoroka-training-sn-private-b",
              "coherent:owner": "nikolaisoroka@coherentsolutions.com",
              "coherent:project": "devops-training"
            },
            "timeouts": null,
            "vpc_id": "vpc-052cd702323a80dae"
          },
          "private": "eyJlMmJmYjczMC1lY2FhLTExZTYtOGY4OC0zNDM2M2JjN2M0YzAiOnsiY3JlYXRlIjo2MDAwMDAwMDAwMDAsImRlbGV0ZSI6MTIwMDAwMDAwMDAwMH0sInNjaGVtYV92ZXJzaW9uIjoiMSJ9",
          "dependencies": [
            "aws_vpc.main"
          ]
        },
        {
          "index_key": "private_db_a",
          "schema_version": 1,
          "attributes": {
            "arn": "arn:aws:ec2:us-east-1:242906888793:subnet/subnet-04accec786a9c621e",
            "assign_ipv6_address_on_creation": false,
            "availability_zone": "us-east-1a",
            "availability_zone_id": "use1-az6",
            "cidr_block": "10.0.20.0/24",
            "id": "subnet-04accec786a9c621e",
            "ipv6_cidr_block": "",
            "ipv6_cidr_block_association_id": "",
            "map_public_ip_on_launch": false,
            "owner_id": "242906888793",
            "tags": {
              "Name": "nsoroka-training-sn-private-db-a",
              "coherent:owner": "nikolaisoroka@coherentsolutions.com",
              "coherent:project": "devops-training"
            },
            "timeouts": null,
            "vpc_id": "vpc-052cd702323a80dae"
          },
          "private": "eyJlMmJmYjczMC1lY2FhLTExZTYtOGY4OC0zNDM2M2JjN2M0YzAiOnsiY3JlYXRlIjo2MDAwMDAwMDAwMDAsImRlbGV0ZSI6MTIwMDAwMDAwMDAwMH0sInNjaGVtYV92ZXJzaW9uIjoiMSJ9",
          "dependencies": [
            "aws_vpc.main"
          ]
        },
        {
          "index_key": "private_db_b",
          "schema_version": 1,
          "attributes": {
            "arn": "arn:aws:ec2:us-east-1:242906888793:subnet/subnet-040209fd4b7551827",
            "assign_ipv6_address_on_creation": false,
            "availability_zone": "us-east-1b",
            "availability_zone_id": "use1-az1",
            "cidr_block": "10.0.21.0/24",
            "id": "subnet-040209fd4b7551827",
            "ipv6_cidr_block": "",
            "ipv6_cidr_block_association_id": "",
            "map_public_ip_on_launch": false,
            "owner_id": "242906888793",
            "tags": {
              "Name": "nsoroka-training-sn-private-db-b",
              "coherent:owner": "nikolaisoroka@coherentsolutions.com",
              "coherent:project": "devops-training"
            },
            "timeouts": null,
            "vpc_id": "vpc-052cd702323a80dae"
          },
          "private": "eyJlMmJmYjczMC1lY2FhLTExZTYtOGY4OC0zNDM2M2JjN2M0YzAiOnsiY3JlYXRlIjo2MDAwMDAwMDAwMDAsImRlbGV0ZSI6MTIwMDAwMDAwMDAwMH0sInNjaGVtYV92ZXJzaW9uIjoiMSJ9",
          "dependencies": [
            "aws_vpc.main"
          ]
        },
        {
          "index_key": "public_a",
          "schema_version": 1,
          "attributes": {
            "arn": "arn:aws:ec2:us-east-1:242906888793:subnet/subnet-0a8a75820b941e9fe",
            "assign_ipv6_address_on_creation": false,
            "availability_zone": "us-east-1a",
            "availability_zone_id": "use1-az6",
            "cidr_block": "10.0.0.0/24",
            "id": "subnet-0a8a75820b941e9fe",
            "ipv6_cidr_block": "",
            "ipv6_cidr_block_association_id": "",
            "map_public_ip_on_launch": true,
            "owner_id": "242906888793",
            "tags": {
              "Name": "nsoroka-training-sn-public-a",
              "coherent:owner": "nikolaisoroka@coherentsolutions.com",
              "coherent:project": "devops-training"
            },
            "timeouts": null,
            "vpc_id": "vpc-052cd702323a80dae"
          },
          "private": "eyJlMmJmYjczMC1lY2FhLTExZTYtOGY4OC0zNDM2M2JjN2M0YzAiOnsiY3JlYXRlIjo2MDAwMDAwMDAwMDAsImRlbGV0ZSI6MTIwMDAwMDAwMDAwMH0sInNjaGVtYV92ZXJzaW9uIjoiMSJ9",
          "dependencies": [
            "aws_vpc.main"
          ]
        },
        {
          "index_key": "public_b",
          "schema_version": 1,
          "attributes": {
            "arn": "arn:aws:ec2:us-east-1:242906888793:subnet/subnet-0dc38b24592e45cdf",
            "assign_ipv6_address_on_creation": false,
            "availability_zone": "us-east-1b",
            "availability_zone_id": "use1-az1",
            "cidr_block": "10.0.1.0/24",
            "id": "subnet-0dc38b24592e45cdf",
            "ipv6_cidr_block": "",
            "ipv6_cidr_block_association_id": "",
            "map_public_ip_on_launch": true,
            "owner_id": "242906888793",
            "tags": {
              "Name": "nsoroka-training-sn-public-b",
              "coherent:owner": "nikolaisoroka@coherentsolutions.com",
              "coherent:project": "devops-training"
            },
            "timeouts": null,
            "vpc_id": "vpc-052cd702323a80dae"
          },
          "private": "eyJlMmJmYjczMC1lY2FhLTExZTYtOGY4OC0zNDM2M2JjN2M0YzAiOnsiY3JlYXRlIjo2MDAwMDAwMDAwMDAsImRlbGV0ZSI6MTIwMDAwMDAwMDAwMH0sInNjaGVtYV92ZXJzaW9uIjoiMSJ9",
          "dependencies": [
            "aws_vpc.main"
          ]
        }
      ]
    },
    {
      "mode": "managed",
      "type": "aws_vpc",
      "name": "main",
      "provider": "provider.aws",
      "instances": [
        {
          "schema_version": 1,
          "attributes": {
            "arn": "arn:aws:ec2:us-east-1:242906888793:vpc/vpc-052cd702323a80dae",
            "assign_generated_ipv6_cidr_block": false,
            "cidr_block": "10.0.0.0/16",
            "default_network_acl_id": "acl-032bb5ff2275107fd",
            "default_route_table_id": "rtb-0d8943154aedf22b3",
            "default_security_group_id": "sg-0994dbae8b8d0e407",
            "dhcp_options_id": "dopt-fdee0a98",
            "enable_classiclink": false,
            "enable_classiclink_dns_support": false,
            "enable_dns_hostnames": false,
            "enable_dns_support": true,
            "id": "vpc-052cd702323a80dae",
            "instance_tenancy": "default",
            "ipv6_association_id": "",
            "ipv6_cidr_block": "",
            "main_route_table_id": "rtb-0d8943154aedf22b3",
            "owner_id": "242906888793",
            "tags": {
              "Name": "nsoroka-training-vpc",
              "coherent:owner": "nikolaisoroka@coherentsolutions.com",
              "coherent:project": "devops-training"
            }
          },
          "private": "eyJzY2hlbWFfdmVyc2lvbiI6IjEifQ=="
        }
      ]
    }
  ]
}
