{
  "version": 4,
  "terraform_version": "0.12.17",
  "serial": 135,
  "lineage": "952e5c43-45ca-0b97-a814-d298f5d4ae18",
  "outputs": {},
  "resources": [
    {
      "mode": "managed",
      "type": "aws_db_instance",
      "name": "main",
      "provider": "provider.aws",
      "instances": [
        {
          "schema_version": 0,
          "attributes": {
            "address": "nsoroka-training-rds.cqnuqytrqlro.us-east-1.rds.amazonaws.com",
            "allocated_storage": 20,
            "allow_major_version_upgrade": null,
            "apply_immediately": null,
            "arn": "arn:aws:rds:us-east-1:242906888793:db:nsoroka-training-rds",
            "auto_minor_version_upgrade": true,
            "availability_zone": "us-east-1a",
            "backup_retention_period": 0,
            "backup_window": "07:33-08:03",
            "ca_cert_identifier": "rds-ca-2015",
            "character_set_name": null,
            "copy_tags_to_snapshot": false,
            "db_subnet_group_name": "nsoroka-training-db-sg",
            "deletion_protection": false,
            "domain": "",
            "domain_iam_role_name": "",
            "enabled_cloudwatch_logs_exports": [],
            "endpoint": "nsoroka-training-rds.cqnuqytrqlro.us-east-1.rds.amazonaws.com:3306",
            "engine": "mysql",
            "engine_version": "5.7.22",
            "final_snapshot_identifier": null,
            "hosted_zone_id": "Z2R2ITUGPM61AM",
            "iam_database_authentication_enabled": false,
            "id": "nsoroka-training-rds",
            "identifier": "nsoroka-training-rds",
            "identifier_prefix": null,
            "instance_class": "db.t2.micro",
            "iops": 0,
            "kms_key_id": "",
            "license_model": "general-public-license",
            "maintenance_window": "mon:00:00-mon:03:00",
            "max_allocated_storage": 0,
            "monitoring_interval": 0,
            "monitoring_role_arn": "",
            "multi_az": false,
            "name": "mydb",
            "option_group_name": "default:mysql-5-7",
            "parameter_group_name": "default.mysql5.7",
            "password": "admin12345",
            "performance_insights_enabled": false,
            "performance_insights_kms_key_id": "",
            "performance_insights_retention_period": 0,
            "port": 3306,
            "publicly_accessible": false,
            "replicas": [],
            "replicate_source_db": "",
            "resource_id": "db-LHZ5W5RRNOCVX2ABIR64PVPLNU",
            "s3_import": [],
            "security_group_names": [],
            "skip_final_snapshot": false,
            "snapshot_identifier": null,
            "status": "available",
            "storage_encrypted": false,
            "storage_type": "gp2",
            "tags": {
              "Name": "nsoroka-training-rds",
              "coherent:owner": "nikolaisoroka@coherentsolutions.com",
              "coherent:project": "devops-training"
            },
            "timeouts": null,
            "timezone": "",
            "username": "admin",
            "vpc_security_group_ids": [
              "sg-0a6f6e6fd4564b60a"
            ]
          },
          "private": "eyJlMmJmYjczMC1lY2FhLTExZTYtOGY4OC0zNDM2M2JjN2M0YzAiOnsiY3JlYXRlIjoyNDAwMDAwMDAwMDAwLCJkZWxldGUiOjI0MDAwMDAwMDAwMDAsInVwZGF0ZSI6NDgwMDAwMDAwMDAwMH19",
          "dependencies": [
            "aws_db_subnet_group.main",
            "aws_security_group.https",
            "aws_subnet.all"
          ]
        }
      ]
    },
    {
      "mode": "managed",
      "type": "aws_db_subnet_group",
      "name": "main",
      "provider": "provider.aws",
      "instances": [
        {
          "schema_version": 0,
          "attributes": {
            "arn": "arn:aws:rds:us-east-1:242906888793:subgrp:nsoroka-training-db-sg",
            "description": "Managed by Terraform",
            "id": "nsoroka-training-db-sg",
            "name": "nsoroka-training-db-sg",
            "name_prefix": null,
            "subnet_ids": [
              "subnet-07b4cc0483a70a3eb",
              "subnet-08e07a820350c28ab"
            ],
            "tags": {
              "Name": "nsoroka-training-db-sg",
              "coherent:owner": "nikolaisoroka@coherentsolutions.com",
              "coherent:project": "devops-training"
            }
          },
          "private": "bnVsbA==",
          "dependencies": [
            "aws_subnet.all"
          ]
        }
      ]
    },
    {
      "mode": "managed",
      "type": "aws_instance",
      "name": "back",
      "provider": "provider.aws",
      "instances": [
        {
          "schema_version": 1,
          "attributes": {
            "ami": "ami-04b9e92b5572fa0d1",
            "arn": "arn:aws:ec2:us-east-1:242906888793:instance/i-041b950e45a2524d8",
            "associate_public_ip_address": false,
            "availability_zone": "us-east-1a",
            "cpu_core_count": 1,
            "cpu_threads_per_core": 1,
            "credit_specification": [
              {
                "cpu_credits": "standard"
              }
            ],
            "disable_api_termination": false,
            "ebs_block_device": [],
            "ebs_optimized": false,
            "ephemeral_block_device": [],
            "get_password_data": false,
            "host_id": null,
            "iam_instance_profile": "",
            "id": "i-041b950e45a2524d8",
            "instance_initiated_shutdown_behavior": null,
            "instance_state": "running",
            "instance_type": "t2.micro",
            "ipv6_address_count": 0,
            "ipv6_addresses": [],
            "key_name": "nsoroka-key",
            "monitoring": false,
            "network_interface": [],
            "network_interface_id": null,
            "password_data": "",
            "placement_group": "",
            "primary_network_interface_id": "eni-03a89a9d93f6d0b64",
            "private_dns": "ip-10-0-15-67.ec2.internal",
            "private_ip": "10.0.15.67",
            "public_dns": "",
            "public_ip": "",
            "root_block_device": [
              {
                "delete_on_termination": true,
                "encrypted": false,
                "iops": 100,
                "kms_key_id": "",
                "volume_id": "vol-00843a45ab902a0c9",
                "volume_size": 8,
                "volume_type": "gp2"
              }
            ],
            "security_groups": [],
            "source_dest_check": true,
            "subnet_id": "subnet-06cff2932d6ca231d",
            "tags": {
              "Name": "nsoroka-training-back",
              "coherent:owner": "nikolaisoroka@coherentsolutions.com",
              "coherent:project": "devops-training"
            },
            "tenancy": "default",
            "timeouts": null,
            "user_data": null,
            "user_data_base64": null,
            "volume_tags": {},
            "vpc_security_group_ids": [
              "sg-0a6f6e6fd4564b60a"
            ]
          },
          "private": "eyJlMmJmYjczMC1lY2FhLTExZTYtOGY4OC0zNDM2M2JjN2M0YzAiOnsiY3JlYXRlIjo2MDAwMDAwMDAwMDAsImRlbGV0ZSI6MTIwMDAwMDAwMDAwMCwidXBkYXRlIjo2MDAwMDAwMDAwMDB9LCJzY2hlbWFfdmVyc2lvbiI6IjEifQ==",
          "dependencies": [
            "aws_key_pair.main",
            "aws_security_group.https",
            "aws_subnet.all",
            "aws_vpc.main"
          ]
        }
      ]
    },
    {
      "mode": "managed",
      "type": "aws_instance",
      "name": "bastion",
      "provider": "provider.aws",
      "instances": [
        {
          "schema_version": 1,
          "attributes": {
            "ami": "ami-04b9e92b5572fa0d1",
            "arn": "arn:aws:ec2:us-east-1:242906888793:instance/i-0817388e0e9e3b43a",
            "associate_public_ip_address": true,
            "availability_zone": "us-east-1a",
            "cpu_core_count": 1,
            "cpu_threads_per_core": 1,
            "credit_specification": [
              {
                "cpu_credits": "standard"
              }
            ],
            "disable_api_termination": false,
            "ebs_block_device": [],
            "ebs_optimized": false,
            "ephemeral_block_device": [],
            "get_password_data": false,
            "host_id": null,
            "iam_instance_profile": "",
            "id": "i-0817388e0e9e3b43a",
            "instance_initiated_shutdown_behavior": null,
            "instance_state": "running",
            "instance_type": "t2.micro",
            "ipv6_address_count": 0,
            "ipv6_addresses": [],
            "key_name": "nsoroka-key",
            "monitoring": false,
            "network_interface": [],
            "network_interface_id": null,
            "password_data": "",
            "placement_group": "",
            "primary_network_interface_id": "eni-022ba5dc759d42a7c",
            "private_dns": "ip-10-0-0-153.ec2.internal",
            "private_ip": "10.0.0.153",
            "public_dns": "",
            "public_ip": "18.215.236.222",
            "root_block_device": [
              {
                "delete_on_termination": true,
                "encrypted": false,
                "iops": 100,
                "kms_key_id": "",
                "volume_id": "vol-055746111837c1616",
                "volume_size": 8,
                "volume_type": "gp2"
              }
            ],
            "security_groups": [],
            "source_dest_check": true,
            "subnet_id": "subnet-0cc2bc17800719fb6",
            "tags": {
              "Name": "nsoroka-training-bastion",
              "coherent:owner": "nikolaisoroka@coherentsolutions.com",
              "coherent:project": "devops-training"
            },
            "tenancy": "default",
            "timeouts": null,
            "user_data": "83605c469cf81cca95237c0236d4649f86c6042e",
            "user_data_base64": null,
            "volume_tags": {},
            "vpc_security_group_ids": [
              "sg-0978e6bdeac4b29e4"
            ]
          },
          "private": "eyJlMmJmYjczMC1lY2FhLTExZTYtOGY4OC0zNDM2M2JjN2M0YzAiOnsiY3JlYXRlIjo2MDAwMDAwMDAwMDAsImRlbGV0ZSI6MTIwMDAwMDAwMDAwMCwidXBkYXRlIjo2MDAwMDAwMDAwMDB9LCJzY2hlbWFfdmVyc2lvbiI6IjEifQ==",
          "dependencies": [
            "aws_key_pair.main",
            "aws_security_group.ssh",
            "aws_subnet.all"
          ]
        }
      ]
    },
    {
      "mode": "managed",
      "type": "aws_instance",
      "name": "front",
      "provider": "provider.aws",
      "instances": [
        {
          "schema_version": 1,
          "attributes": {
            "ami": "ami-04b9e92b5572fa0d1",
            "arn": "arn:aws:ec2:us-east-1:242906888793:instance/i-00f76b3c74ec8f7ad",
            "associate_public_ip_address": false,
            "availability_zone": "us-east-1a",
            "cpu_core_count": 1,
            "cpu_threads_per_core": 1,
            "credit_specification": [
              {
                "cpu_credits": "standard"
              }
            ],
            "disable_api_termination": false,
            "ebs_block_device": [],
            "ebs_optimized": false,
            "ephemeral_block_device": [],
            "get_password_data": false,
            "host_id": null,
            "iam_instance_profile": "",
            "id": "i-00f76b3c74ec8f7ad",
            "instance_initiated_shutdown_behavior": null,
            "instance_state": "running",
            "instance_type": "t2.micro",
            "ipv6_address_count": 0,
            "ipv6_addresses": [],
            "key_name": "nsoroka-key",
            "monitoring": false,
            "network_interface": [],
            "network_interface_id": null,
            "password_data": "",
            "placement_group": "",
            "primary_network_interface_id": "eni-05320de99cce49174",
            "private_dns": "ip-10-0-10-113.ec2.internal",
            "private_ip": "10.0.10.113",
            "public_dns": "",
            "public_ip": "",
            "root_block_device": [
              {
                "delete_on_termination": true,
                "encrypted": false,
                "iops": 100,
                "kms_key_id": "",
                "volume_id": "vol-073df007fd255fb15",
                "volume_size": 8,
                "volume_type": "gp2"
              }
            ],
            "security_groups": [],
            "source_dest_check": true,
            "subnet_id": "subnet-0c3152357423952cb",
            "tags": {
              "Name": "nsoroka-training-front",
              "coherent:owner": "nikolaisoroka@coherentsolutions.com",
              "coherent:project": "devops-training"
            },
            "tenancy": "default",
            "timeouts": null,
            "user_data": null,
            "user_data_base64": null,
            "volume_tags": {},
            "vpc_security_group_ids": [
              "sg-0a6f6e6fd4564b60a"
            ]
          },
          "private": "eyJlMmJmYjczMC1lY2FhLTExZTYtOGY4OC0zNDM2M2JjN2M0YzAiOnsiY3JlYXRlIjo2MDAwMDAwMDAwMDAsImRlbGV0ZSI6MTIwMDAwMDAwMDAwMCwidXBkYXRlIjo2MDAwMDAwMDAwMDB9LCJzY2hlbWFfdmVyc2lvbiI6IjEifQ==",
          "dependencies": [
            "aws_key_pair.main",
            "aws_security_group.https",
            "aws_subnet.all"
          ]
        }
      ]
    },
    {
      "mode": "managed",
      "type": "aws_instance",
      "name": "nat",
      "provider": "provider.aws",
      "instances": [
        {
          "schema_version": 1,
          "attributes": {
            "ami": "ami-04b9e92b5572fa0d1",
            "arn": "arn:aws:ec2:us-east-1:242906888793:instance/i-03dce0139541e8ba4",
            "associate_public_ip_address": true,
            "availability_zone": "us-east-1a",
            "cpu_core_count": 1,
            "cpu_threads_per_core": 1,
            "credit_specification": [
              {
                "cpu_credits": "standard"
              }
            ],
            "disable_api_termination": false,
            "ebs_block_device": [],
            "ebs_optimized": false,
            "ephemeral_block_device": [],
            "get_password_data": false,
            "host_id": null,
            "iam_instance_profile": "",
            "id": "i-03dce0139541e8ba4",
            "instance_initiated_shutdown_behavior": null,
            "instance_state": "running",
            "instance_type": "t2.micro",
            "ipv6_address_count": 0,
            "ipv6_addresses": [],
            "key_name": "nsoroka-key",
            "monitoring": false,
            "network_interface": [],
            "network_interface_id": null,
            "password_data": "",
            "placement_group": "",
            "primary_network_interface_id": "eni-08cee7b668261d2fa",
            "private_dns": "ip-10-0-0-19.ec2.internal",
            "private_ip": "10.0.0.19",
            "public_dns": "",
            "public_ip": "54.204.135.243",
            "root_block_device": [
              {
                "delete_on_termination": true,
                "encrypted": false,
                "iops": 100,
                "kms_key_id": "",
                "volume_id": "vol-0f3ba4c6c91016401",
                "volume_size": 8,
                "volume_type": "gp2"
              }
            ],
            "security_groups": [],
            "source_dest_check": false,
            "subnet_id": "subnet-0cc2bc17800719fb6",
            "tags": {
              "Name": "nsoroka-training-nat",
              "coherent:owner": "nikolaisoroka@coherentsolutions.com",
              "coherent:project": "devops-training"
            },
            "tenancy": "default",
            "timeouts": null,
            "user_data": "e680d001addd74f072cdfab1853e5632599b0556",
            "user_data_base64": null,
            "volume_tags": {},
            "vpc_security_group_ids": [
              "sg-0a6f6e6fd4564b60a"
            ]
          },
          "private": "eyJlMmJmYjczMC1lY2FhLTExZTYtOGY4OC0zNDM2M2JjN2M0YzAiOnsiY3JlYXRlIjo2MDAwMDAwMDAwMDAsImRlbGV0ZSI6MTIwMDAwMDAwMDAwMCwidXBkYXRlIjo2MDAwMDAwMDAwMDB9LCJzY2hlbWFfdmVyc2lvbiI6IjEifQ==",
          "dependencies": [
            "aws_key_pair.main",
            "aws_security_group.https",
            "aws_subnet.all"
          ]
        }
      ]
    },
    {
      "mode": "managed",
      "type": "aws_internet_gateway",
      "name": "igw",
      "provider": "provider.aws",
      "instances": [
        {
          "schema_version": 0,
          "attributes": {
            "id": "igw-098045eeaa33b977f",
            "owner_id": "242906888793",
            "tags": {
              "Name": "nsoroka-training-igw",
              "coherent:owner": "nikolaisoroka@coherentsolutions.com",
              "coherent:project": "devops-training"
            },
            "vpc_id": "vpc-011b2eb2998467946"
          },
          "private": "bnVsbA==",
          "dependencies": [
            "aws_vpc.main"
          ]
        }
      ]
    },
    {
      "mode": "managed",
      "type": "aws_key_pair",
      "name": "main",
      "provider": "provider.aws",
      "instances": [
        {
          "schema_version": 1,
          "attributes": {
            "fingerprint": "58:9f:00:e6:b6:d3:ab:33:73:e0:e2:65:bc:19:ec:00",
            "id": "nsoroka-key",
            "key_name": "nsoroka-key",
            "key_name_prefix": null,
            "public_key": "ssh-rsa AAAAB3NzaC1yc2EAAAADAQABAAACAQDkmnXsjoZnlbgrDO1+WWTMh3xq3LUQQmtNXbcbdPswzhzr5coILXj5Iiu3N3C4YYvGA/n1Sx9t1beLDjMZkhBiNv3LdBYsWKOQ1FhnPoAIkib3iGFC+xJUWqr9Zxiivjjt4MLatQ7ArEjD+HT5mSPqAhHMcbB4euD6ynm1Fn7MubOKGjSLK1qvhVF+1XWz3RFbdB4MjoWcEGtLZzAYno7BgBirOw034alMcshDZN7etF3CWCNBIWqLy0C5zEq/Ue1u17kBNR4hTBxJzzKGf4dhuje9scSfwaVWS0bzFlDYcB7lmIzcnwDqS9tDUH7B/7MyGh4Q1dMw67K8Y6dPmNvtNCLCp5eO5lyGSdgwlr4FE9Dz65jRQf76X9BpGC+NzJyGXVWVIFYsrmzYsGTpB7M7i6RYgHoEMQomGyWS5iIncp2VIKnWS5IK0qrUI0ymG3Zy5aEcvX7asDzC2ZjXunWSNvpi97AHE2ilgfVQNtysSu37ZGp8232ctw2kpOyHMVEAdhJST0R+gbJ9ZvyHRQ2TNwDphxs7AQPsnEkDg8LAKJmyVJXmB7Tqz27fbnZ3ciXqT1LaOp20i7SV2I+Ng4FHtixh1U9ToujwnBgPDfzENXpjzjM3t2TfLTsIzliL2F1DS+QHPnh4D5U2uyzqwGNpUm+Ew9qP+4R++MIMEyOAQw== nikolaisoroka@sorokanu"
          },
          "private": "eyJzY2hlbWFfdmVyc2lvbiI6IjEifQ=="
        }
      ]
    },
    {
      "mode": "managed",
      "type": "aws_lb",
      "name": "back",
      "provider": "provider.aws",
      "instances": [
        {
          "schema_version": 0,
          "attributes": {
            "access_logs": [
              {
                "bucket": "",
                "enabled": false,
                "prefix": ""
              }
            ],
            "arn": "arn:aws:elasticloadbalancing:us-east-1:242906888793:loadbalancer/net/nsoroka-training-lb-back/adec231cf504e916",
            "arn_suffix": "net/nsoroka-training-lb-back/adec231cf504e916",
            "dns_name": "nsoroka-training-lb-back-adec231cf504e916.elb.us-east-1.amazonaws.com",
            "enable_cross_zone_load_balancing": false,
            "enable_deletion_protection": false,
            "enable_http2": null,
            "id": "arn:aws:elasticloadbalancing:us-east-1:242906888793:loadbalancer/net/nsoroka-training-lb-back/adec231cf504e916",
            "idle_timeout": null,
            "internal": true,
            "ip_address_type": "ipv4",
            "load_balancer_type": "network",
            "name": "nsoroka-training-lb-back",
            "name_prefix": null,
            "security_groups": [],
            "subnet_mapping": [
              {
                "allocation_id": "",
                "subnet_id": "subnet-06cff2932d6ca231d"
              },
              {
                "allocation_id": "",
                "subnet_id": "subnet-0e0e4a1c8811c3456"
              }
            ],
            "subnets": [
              "subnet-06cff2932d6ca231d",
              "subnet-0e0e4a1c8811c3456"
            ],
            "tags": {
              "Name": "nsoroka-training-lb-back",
              "coherent:owner": "nikolaisoroka@coherentsolutions.com",
              "coherent:project": "devops-training"
            },
            "timeouts": null,
            "vpc_id": "vpc-011b2eb2998467946",
            "zone_id": "Z26RNL4JYFTOTI"
          },
          "private": "eyJlMmJmYjczMC1lY2FhLTExZTYtOGY4OC0zNDM2M2JjN2M0YzAiOnsiY3JlYXRlIjo2MDAwMDAwMDAwMDAsImRlbGV0ZSI6NjAwMDAwMDAwMDAwLCJ1cGRhdGUiOjYwMDAwMDAwMDAwMH19",
          "dependencies": [
            "aws_subnet.all"
          ]
        }
      ]
    },
    {
      "mode": "managed",
      "type": "aws_lb",
      "name": "public",
      "provider": "provider.aws",
      "instances": [
        {
          "schema_version": 0,
          "attributes": {
            "access_logs": [
              {
                "bucket": "",
                "enabled": false,
                "prefix": ""
              }
            ],
            "arn": "arn:aws:elasticloadbalancing:us-east-1:242906888793:loadbalancer/app/nsoroka-training-lb-pub/2d324b617380a55c",
            "arn_suffix": "app/nsoroka-training-lb-pub/2d324b617380a55c",
            "dns_name": "nsoroka-training-lb-pub-1174119120.us-east-1.elb.amazonaws.com",
            "enable_cross_zone_load_balancing": null,
            "enable_deletion_protection": false,
            "enable_http2": true,
            "id": "arn:aws:elasticloadbalancing:us-east-1:242906888793:loadbalancer/app/nsoroka-training-lb-pub/2d324b617380a55c",
            "idle_timeout": 60,
            "internal": false,
            "ip_address_type": "ipv4",
            "load_balancer_type": "application",
            "name": "nsoroka-training-lb-pub",
            "name_prefix": null,
            "security_groups": [
              "sg-0a6f6e6fd4564b60a"
            ],
            "subnet_mapping": [
              {
                "allocation_id": "",
                "subnet_id": "subnet-040bec0cbb240eba8"
              },
              {
                "allocation_id": "",
                "subnet_id": "subnet-0cc2bc17800719fb6"
              }
            ],
            "subnets": [
              "subnet-040bec0cbb240eba8",
              "subnet-0cc2bc17800719fb6"
            ],
            "tags": {
              "Name": "nsoroka-training-lb-pub",
              "coherent:owner": "nikolaisoroka@coherentsolutions.com",
              "coherent:project": "devops-training"
            },
            "timeouts": null,
            "vpc_id": "vpc-011b2eb2998467946",
            "zone_id": "Z35SXDOTRQ7X7K"
          },
          "private": "eyJlMmJmYjczMC1lY2FhLTExZTYtOGY4OC0zNDM2M2JjN2M0YzAiOnsiY3JlYXRlIjo2MDAwMDAwMDAwMDAsImRlbGV0ZSI6NjAwMDAwMDAwMDAwLCJ1cGRhdGUiOjYwMDAwMDAwMDAwMH19",
          "dependencies": [
            "aws_security_group.https",
            "aws_subnet.all"
          ]
        }
      ]
    },
    {
      "mode": "managed",
      "type": "aws_lb_listener",
      "name": "back",
      "provider": "provider.aws",
      "instances": [
        {
          "schema_version": 0,
          "attributes": {
            "arn": "arn:aws:elasticloadbalancing:us-east-1:242906888793:listener/net/nsoroka-training-lb-back/adec231cf504e916/c0620db12ae7b13e",
            "certificate_arn": null,
            "default_action": [
              {
                "authenticate_cognito": [],
                "authenticate_oidc": [],
                "fixed_response": [],
                "order": 1,
                "redirect": [],
                "target_group_arn": "arn:aws:elasticloadbalancing:us-east-1:242906888793:targetgroup/nsoroka-training-lb-tg-back/551574ef6680a03a",
                "type": "forward"
              }
            ],
            "id": "arn:aws:elasticloadbalancing:us-east-1:242906888793:listener/net/nsoroka-training-lb-back/adec231cf504e916/c0620db12ae7b13e",
            "load_balancer_arn": "arn:aws:elasticloadbalancing:us-east-1:242906888793:loadbalancer/net/nsoroka-training-lb-back/adec231cf504e916",
            "port": 80,
            "protocol": "TCP",
            "ssl_policy": "",
            "timeouts": null
          },
          "private": "eyJlMmJmYjczMC1lY2FhLTExZTYtOGY4OC0zNDM2M2JjN2M0YzAiOnsicmVhZCI6NjAwMDAwMDAwMDAwfX0=",
          "dependencies": [
            "aws_lb.back",
            "aws_lb_target_group.back",
            "aws_vpc.main"
          ]
        }
      ]
    },
    {
      "mode": "managed",
      "type": "aws_lb_listener",
      "name": "public",
      "provider": "provider.aws",
      "instances": [
        {
          "schema_version": 0,
          "attributes": {
            "arn": "arn:aws:elasticloadbalancing:us-east-1:242906888793:listener/app/nsoroka-training-lb-pub/2d324b617380a55c/8c9621e632fe4d4c",
            "certificate_arn": null,
            "default_action": [
              {
                "authenticate_cognito": [],
                "authenticate_oidc": [],
                "fixed_response": [],
                "order": 1,
                "redirect": [],
                "target_group_arn": "arn:aws:elasticloadbalancing:us-east-1:242906888793:targetgroup/nsoroka-training-lb-tg-pub/1ac14febc5960756",
                "type": "forward"
              }
            ],
            "id": "arn:aws:elasticloadbalancing:us-east-1:242906888793:listener/app/nsoroka-training-lb-pub/2d324b617380a55c/8c9621e632fe4d4c",
            "load_balancer_arn": "arn:aws:elasticloadbalancing:us-east-1:242906888793:loadbalancer/app/nsoroka-training-lb-pub/2d324b617380a55c",
            "port": 80,
            "protocol": "HTTP",
            "ssl_policy": "",
            "timeouts": null
          },
          "private": "eyJlMmJmYjczMC1lY2FhLTExZTYtOGY4OC0zNDM2M2JjN2M0YzAiOnsicmVhZCI6NjAwMDAwMDAwMDAwfX0=",
          "dependencies": [
            "aws_lb.public",
            "aws_lb_target_group.public"
          ]
        }
      ]
    },
    {
      "mode": "managed",
      "type": "aws_lb_target_group",
      "name": "back",
      "provider": "provider.aws",
      "instances": [
        {
          "schema_version": 0,
          "attributes": {
            "arn": "arn:aws:elasticloadbalancing:us-east-1:242906888793:targetgroup/nsoroka-training-lb-tg-back/551574ef6680a03a",
            "arn_suffix": "targetgroup/nsoroka-training-lb-tg-back/551574ef6680a03a",
            "deregistration_delay": 300,
            "health_check": [
              {
                "enabled": true,
                "healthy_threshold": 3,
                "interval": 30,
                "matcher": "",
                "path": "",
                "port": "traffic-port",
                "protocol": "TCP",
                "timeout": 10,
                "unhealthy_threshold": 3
              }
            ],
            "id": "arn:aws:elasticloadbalancing:us-east-1:242906888793:targetgroup/nsoroka-training-lb-tg-back/551574ef6680a03a",
            "lambda_multi_value_headers_enabled": false,
            "name": "nsoroka-training-lb-tg-back",
            "name_prefix": null,
            "port": 8080,
            "protocol": "TCP",
            "proxy_protocol_v2": false,
            "slow_start": 0,
            "stickiness": [],
            "tags": {
              "Name": "nsoroka-training-lb-tg-back",
              "coherent:owner": "nikolaisoroka@coherentsolutions.com",
              "coherent:project": "devops-training"
            },
            "target_type": "instance",
            "vpc_id": "vpc-011b2eb2998467946"
          },
          "private": "bnVsbA==",
          "dependencies": [
            "aws_vpc.main"
          ]
        }
      ]
    },
    {
      "mode": "managed",
      "type": "aws_lb_target_group",
      "name": "public",
      "provider": "provider.aws",
      "instances": [
        {
          "schema_version": 0,
          "attributes": {
            "arn": "arn:aws:elasticloadbalancing:us-east-1:242906888793:targetgroup/nsoroka-training-lb-tg-pub/1ac14febc5960756",
            "arn_suffix": "targetgroup/nsoroka-training-lb-tg-pub/1ac14febc5960756",
            "deregistration_delay": 300,
            "health_check": [
              {
                "enabled": true,
                "healthy_threshold": 5,
                "interval": 30,
                "matcher": "200",
                "path": "/",
                "port": "traffic-port",
                "protocol": "HTTP",
                "timeout": 5,
                "unhealthy_threshold": 2
              }
            ],
            "id": "arn:aws:elasticloadbalancing:us-east-1:242906888793:targetgroup/nsoroka-training-lb-tg-pub/1ac14febc5960756",
            "lambda_multi_value_headers_enabled": false,
            "name": "nsoroka-training-lb-tg-pub",
            "name_prefix": null,
            "port": 80,
            "protocol": "HTTP",
            "proxy_protocol_v2": false,
            "slow_start": 0,
            "stickiness": [
              {
                "cookie_duration": 86400,
                "enabled": false,
                "type": "lb_cookie"
              }
            ],
            "tags": {
              "Name": "nsoroka-training-lb-tg-pub",
              "coherent:owner": "nikolaisoroka@coherentsolutions.com",
              "coherent:project": "devops-training"
            },
            "target_type": "instance",
            "vpc_id": "vpc-011b2eb2998467946"
          },
          "private": "bnVsbA==",
          "dependencies": [
            "aws_vpc.main"
          ]
        }
      ]
    },
    {
      "mode": "managed",
      "type": "aws_lb_target_group_attachment",
      "name": "back",
      "provider": "provider.aws",
      "instances": [
        {
          "schema_version": 0,
          "attributes": {
            "availability_zone": null,
            "id": "arn:aws:elasticloadbalancing:us-east-1:242906888793:targetgroup/nsoroka-training-lb-tg-back/551574ef6680a03a-20191209165903086700000001",
            "port": 8080,
            "target_group_arn": "arn:aws:elasticloadbalancing:us-east-1:242906888793:targetgroup/nsoroka-training-lb-tg-back/551574ef6680a03a",
            "target_id": "i-041b950e45a2524d8"
          },
          "private": "bnVsbA==",
          "dependencies": [
            "aws_instance.back",
            "aws_lb_target_group.back",
            "aws_vpc.main"
          ]
        }
      ]
    },
    {
      "mode": "managed",
      "type": "aws_lb_target_group_attachment",
      "name": "public",
      "provider": "provider.aws",
      "instances": [
        {
          "schema_version": 0,
          "attributes": {
            "availability_zone": null,
            "id": "arn:aws:elasticloadbalancing:us-east-1:242906888793:targetgroup/nsoroka-training-lb-tg-pub/1ac14febc5960756-20191209112044484600000001",
            "port": 80,
            "target_group_arn": "arn:aws:elasticloadbalancing:us-east-1:242906888793:targetgroup/nsoroka-training-lb-tg-pub/1ac14febc5960756",
            "target_id": "i-00f76b3c74ec8f7ad"
          },
          "private": "bnVsbA==",
          "dependencies": [
            "aws_instance.front",
            "aws_lb_target_group.public",
            "aws_vpc.main"
          ]
        }
      ]
    },
    {
      "mode": "managed",
      "type": "aws_route_table",
      "name": "main",
      "provider": "provider.aws",
      "instances": [
        {
          "schema_version": 0,
          "attributes": {
            "id": "rtb-093f5009bf3f47f60",
            "owner_id": "242906888793",
            "propagating_vgws": [],
            "route": [
              {
                "cidr_block": "0.0.0.0/0",
                "egress_only_gateway_id": "",
                "gateway_id": "igw-098045eeaa33b977f",
                "instance_id": "",
                "ipv6_cidr_block": "",
                "nat_gateway_id": "",
                "network_interface_id": "",
                "transit_gateway_id": "",
                "vpc_peering_connection_id": ""
              }
            ],
            "tags": {
              "Name": "nsoroka-training-rt",
              "coherent:owner": "nikolaisoroka@coherentsolutions.com",
              "coherent:project": "devops-training"
            },
            "vpc_id": "vpc-011b2eb2998467946"
          },
          "private": "bnVsbA==",
          "dependencies": [
            "aws_internet_gateway.igw",
            "aws_vpc.main"
          ]
        }
      ]
    },
    {
      "mode": "managed",
      "type": "aws_route_table",
      "name": "nat",
      "provider": "provider.aws",
      "instances": [
        {
          "schema_version": 0,
          "attributes": {
            "id": "rtb-0ee236bed0cdb0188",
            "owner_id": "242906888793",
            "propagating_vgws": [],
            "route": [
              {
                "cidr_block": "0.0.0.0/0",
                "egress_only_gateway_id": "",
                "gateway_id": "",
                "instance_id": "i-03dce0139541e8ba4",
                "ipv6_cidr_block": "",
                "nat_gateway_id": "",
                "network_interface_id": "eni-08cee7b668261d2fa",
                "transit_gateway_id": "",
                "vpc_peering_connection_id": ""
              }
            ],
            "tags": {
              "Name": "nsoroka-training-rt-nat",
              "coherent:owner": "nikolaisoroka@coherentsolutions.com",
              "coherent:project": "devops-training"
            },
            "vpc_id": "vpc-011b2eb2998467946"
          },
          "private": "bnVsbA==",
          "dependencies": [
            "aws_instance.nat",
            "aws_key_pair.main",
            "aws_security_group.https",
            "aws_subnet.all",
            "aws_vpc.main"
          ]
        }
      ]
    },
    {
      "mode": "managed",
      "type": "aws_route_table_association",
      "name": "main_a",
      "provider": "provider.aws",
      "instances": [
        {
          "schema_version": 0,
          "attributes": {
            "id": "rtbassoc-0f59ca6fe6e0e3cc0",
            "route_table_id": "rtb-093f5009bf3f47f60",
            "subnet_id": "subnet-0cc2bc17800719fb6"
          },
          "private": "bnVsbA==",
          "dependencies": [
            "aws_internet_gateway.igw",
            "aws_route_table.main",
            "aws_subnet.all",
            "aws_vpc.main"
          ]
        }
      ]
    },
    {
      "mode": "managed",
      "type": "aws_route_table_association",
      "name": "main_b",
      "provider": "provider.aws",
      "instances": [
        {
          "schema_version": 0,
          "attributes": {
            "id": "rtbassoc-0e4ffefeec879e5f3",
            "route_table_id": "rtb-093f5009bf3f47f60",
            "subnet_id": "subnet-040bec0cbb240eba8"
          },
          "private": "bnVsbA==",
          "dependencies": [
            "aws_internet_gateway.igw",
            "aws_route_table.main",
            "aws_subnet.all",
            "aws_vpc.main"
          ]
        }
      ]
    },
    {
      "mode": "managed",
      "type": "aws_route_table_association",
      "name": "nat_a",
      "provider": "provider.aws",
      "instances": [
        {
          "schema_version": 0,
          "attributes": {
            "id": "rtbassoc-01dc71e73c42696c2",
            "route_table_id": "rtb-0ee236bed0cdb0188",
            "subnet_id": "subnet-0c3152357423952cb"
          },
          "private": "bnVsbA==",
          "dependencies": [
            "aws_route_table.nat",
            "aws_subnet.all",
            "aws_vpc.main"
          ]
        }
      ]
    },
    {
      "mode": "managed",
      "type": "aws_route_table_association",
      "name": "nat_b",
      "provider": "provider.aws",
      "instances": [
        {
          "schema_version": 0,
          "attributes": {
            "id": "rtbassoc-0149000e97899d9b8",
            "route_table_id": "rtb-0ee236bed0cdb0188",
            "subnet_id": "subnet-01aa079b9f25eaf5a"
          },
          "private": "bnVsbA==",
          "dependencies": [
            "aws_route_table.nat",
            "aws_subnet.all",
            "aws_vpc.main"
          ]
        }
      ]
    },
    {
      "mode": "managed",
      "type": "aws_route_table_association",
      "name": "nat_c",
      "provider": "provider.aws",
      "instances": [
        {
          "schema_version": 0,
          "attributes": {
            "id": "rtbassoc-0df6589d30f80196b",
            "route_table_id": "rtb-0ee236bed0cdb0188",
            "subnet_id": "subnet-07b4cc0483a70a3eb"
          },
          "private": "bnVsbA==",
          "dependencies": [
            "aws_route_table.nat",
            "aws_subnet.all",
            "aws_vpc.main"
          ]
        }
      ]
    },
    {
      "mode": "managed",
      "type": "aws_route_table_association",
      "name": "nat_d",
      "provider": "provider.aws",
      "instances": [
        {
          "schema_version": 0,
          "attributes": {
            "id": "rtbassoc-0d0f428ceeb7354e2",
            "route_table_id": "rtb-0ee236bed0cdb0188",
            "subnet_id": "subnet-08e07a820350c28ab"
          },
          "private": "bnVsbA==",
          "dependencies": [
            "aws_route_table.nat",
            "aws_subnet.all",
            "aws_vpc.main"
          ]
        }
      ]
    },
    {
      "mode": "managed",
      "type": "aws_route_table_association",
      "name": "nat_e",
      "provider": "provider.aws",
      "instances": [
        {
          "schema_version": 0,
          "attributes": {
            "id": "rtbassoc-0066e5ecb2a581f55",
            "route_table_id": "rtb-0ee236bed0cdb0188",
            "subnet_id": "subnet-06cff2932d6ca231d"
          },
          "private": "bnVsbA==",
          "dependencies": [
            "aws_instance.nat",
            "aws_key_pair.main",
            "aws_route_table.nat",
            "aws_security_group.https",
            "aws_subnet.all",
            "aws_vpc.main"
          ]
        }
      ]
    },
    {
      "mode": "managed",
      "type": "aws_route_table_association",
      "name": "nat_f",
      "provider": "provider.aws",
      "instances": [
        {
          "schema_version": 0,
          "attributes": {
            "id": "rtbassoc-09ed96808c3e6e288",
            "route_table_id": "rtb-0ee236bed0cdb0188",
            "subnet_id": "subnet-0e0e4a1c8811c3456"
          },
          "private": "bnVsbA==",
          "dependencies": [
            "aws_instance.nat",
            "aws_key_pair.main",
            "aws_route_table.nat",
            "aws_security_group.https",
            "aws_subnet.all",
            "aws_vpc.main"
          ]
        }
      ]
    },
    {
      "mode": "managed",
      "type": "aws_security_group",
      "name": "https",
      "provider": "provider.aws",
      "instances": [
        {
          "schema_version": 1,
          "attributes": {
            "arn": "arn:aws:ec2:us-east-1:242906888793:security-group/sg-0a6f6e6fd4564b60a",
            "description": "Allow http, https inbound traffic",
            "egress": [
              {
                "cidr_blocks": [
                  "0.0.0.0/0"
                ],
                "description": "",
                "from_port": 0,
                "ipv6_cidr_blocks": [],
                "prefix_list_ids": [],
                "protocol": "-1",
                "security_groups": [],
                "self": false,
                "to_port": 0
              }
            ],
            "id": "sg-0a6f6e6fd4564b60a",
            "ingress": [
              {
                "cidr_blocks": [
                  "0.0.0.0/0"
                ],
                "description": "",
                "from_port": 443,
                "ipv6_cidr_blocks": [],
                "prefix_list_ids": [],
                "protocol": "tcp",
                "security_groups": [],
                "self": false,
                "to_port": 443
              },
              {
                "cidr_blocks": [
                  "0.0.0.0/0"
                ],
                "description": "",
                "from_port": 80,
                "ipv6_cidr_blocks": [],
                "prefix_list_ids": [],
                "protocol": "tcp",
                "security_groups": [],
                "self": false,
                "to_port": 80
              },
              {
                "cidr_blocks": [
                  "10.0.0.0/16"
                ],
                "description": "",
                "from_port": 0,
                "ipv6_cidr_blocks": [],
                "prefix_list_ids": [],
                "protocol": "-1",
                "security_groups": [],
                "self": false,
                "to_port": 0
              }
            ],
            "name": "nsoroka-training-sg-http-https",
            "name_prefix": null,
            "owner_id": "242906888793",
            "revoke_rules_on_delete": false,
            "tags": {
              "Name": "nsoroka-training-sg-http-https",
              "coherent:owner": "nikolaisoroka@coherentsolutions.com",
              "coherent:project": "devops-training"
            },
            "timeouts": null,
            "vpc_id": "vpc-011b2eb2998467946"
          },
          "private": "eyJlMmJmYjczMC1lY2FhLTExZTYtOGY4OC0zNDM2M2JjN2M0YzAiOnsiY3JlYXRlIjo2MDAwMDAwMDAwMDAsImRlbGV0ZSI6NjAwMDAwMDAwMDAwfSwic2NoZW1hX3ZlcnNpb24iOiIxIn0=",
          "dependencies": [
            "aws_vpc.main"
          ]
        }
      ]
    },
    {
      "mode": "managed",
      "type": "aws_security_group",
      "name": "ssh",
      "provider": "provider.aws",
      "instances": [
        {
          "schema_version": 1,
          "attributes": {
            "arn": "arn:aws:ec2:us-east-1:242906888793:security-group/sg-0978e6bdeac4b29e4",
            "description": "Allow SSH inbound traffic",
            "egress": [
              {
                "cidr_blocks": [
                  "0.0.0.0/0"
                ],
                "description": "",
                "from_port": 0,
                "ipv6_cidr_blocks": [],
                "prefix_list_ids": [],
                "protocol": "-1",
                "security_groups": [],
                "self": false,
                "to_port": 0
              }
            ],
            "id": "sg-0978e6bdeac4b29e4",
            "ingress": [
              {
                "cidr_blocks": [
                  "104.59.125.84/32",
                  "216.70.7.11/32",
                  "80.94.174.82/32",
                  "82.209.242.80/29",
                  "86.57.155.180/32",
                  "86.57.158.250/32",
                  "146.120.13.128/28"
                ],
                "description": "",
                "from_port": 22,
                "ipv6_cidr_blocks": [],
                "prefix_list_ids": [],
                "protocol": "tcp",
                "security_groups": [],
                "self": false,
                "to_port": 22
              }
            ],
            "name": "nsoroka-training-sg-ssh",
            "name_prefix": null,
            "owner_id": "242906888793",
            "revoke_rules_on_delete": false,
            "tags": {
              "Name": "nsoroka-training-sg-ssh",
              "coherent:owner": "nikolaisoroka@coherentsolutions.com",
              "coherent:project": "devops-training"
            },
            "timeouts": null,
            "vpc_id": "vpc-011b2eb2998467946"
          },
          "private": "eyJlMmJmYjczMC1lY2FhLTExZTYtOGY4OC0zNDM2M2JjN2M0YzAiOnsiY3JlYXRlIjo2MDAwMDAwMDAwMDAsImRlbGV0ZSI6NjAwMDAwMDAwMDAwfSwic2NoZW1hX3ZlcnNpb24iOiIxIn0=",
          "dependencies": [
            "aws_vpc.main"
          ]
        }
      ]
    },
    {
      "mode": "managed",
      "type": "aws_subnet",
      "name": "all",
      "each": "map",
      "provider": "provider.aws",
      "instances": [
        {
          "index_key": "private_a",
          "schema_version": 1,
          "attributes": {
            "arn": "arn:aws:ec2:us-east-1:242906888793:subnet/subnet-0c3152357423952cb",
            "assign_ipv6_address_on_creation": false,
            "availability_zone": "us-east-1a",
            "availability_zone_id": "use1-az6",
            "cidr_block": "10.0.10.0/24",
            "id": "subnet-0c3152357423952cb",
            "ipv6_cidr_block": "",
            "ipv6_cidr_block_association_id": "",
            "map_public_ip_on_launch": false,
            "owner_id": "242906888793",
            "tags": {
              "Name": "nsoroka-training-sn-private-a",
              "coherent:owner": "nikolaisoroka@coherentsolutions.com",
              "coherent:project": "devops-training"
            },
            "timeouts": null,
            "vpc_id": "vpc-011b2eb2998467946"
          },
          "private": "eyJlMmJmYjczMC1lY2FhLTExZTYtOGY4OC0zNDM2M2JjN2M0YzAiOnsiY3JlYXRlIjo2MDAwMDAwMDAwMDAsImRlbGV0ZSI6MTIwMDAwMDAwMDAwMH0sInNjaGVtYV92ZXJzaW9uIjoiMSJ9",
          "dependencies": [
            "aws_vpc.main"
          ]
        },
        {
          "index_key": "private_b",
          "schema_version": 1,
          "attributes": {
            "arn": "arn:aws:ec2:us-east-1:242906888793:subnet/subnet-01aa079b9f25eaf5a",
            "assign_ipv6_address_on_creation": false,
            "availability_zone": "us-east-1b",
            "availability_zone_id": "use1-az1",
            "cidr_block": "10.0.11.0/24",
            "id": "subnet-01aa079b9f25eaf5a",
            "ipv6_cidr_block": "",
            "ipv6_cidr_block_association_id": "",
            "map_public_ip_on_launch": false,
            "owner_id": "242906888793",
            "tags": {
              "Name": "nsoroka-training-sn-private-b",
              "coherent:owner": "nikolaisoroka@coherentsolutions.com",
              "coherent:project": "devops-training"
            },
            "timeouts": null,
            "vpc_id": "vpc-011b2eb2998467946"
          },
          "private": "eyJlMmJmYjczMC1lY2FhLTExZTYtOGY4OC0zNDM2M2JjN2M0YzAiOnsiY3JlYXRlIjo2MDAwMDAwMDAwMDAsImRlbGV0ZSI6MTIwMDAwMDAwMDAwMH0sInNjaGVtYV92ZXJzaW9uIjoiMSJ9",
          "dependencies": [
            "aws_vpc.main"
          ]
        },
        {
          "index_key": "private_back_a",
          "schema_version": 1,
          "attributes": {
            "arn": "arn:aws:ec2:us-east-1:242906888793:subnet/subnet-06cff2932d6ca231d",
            "assign_ipv6_address_on_creation": false,
            "availability_zone": "us-east-1a",
            "availability_zone_id": "use1-az6",
            "cidr_block": "10.0.15.0/24",
            "id": "subnet-06cff2932d6ca231d",
            "ipv6_cidr_block": "",
            "ipv6_cidr_block_association_id": "",
            "map_public_ip_on_launch": false,
            "owner_id": "242906888793",
            "tags": {
              "Name": "nsoroka-training-sn-private-back-a",
              "coherent:owner": "nikolaisoroka@coherentsolutions.com",
              "coherent:project": "devops-training"
            },
            "timeouts": null,
            "vpc_id": "vpc-011b2eb2998467946"
          },
          "private": "eyJlMmJmYjczMC1lY2FhLTExZTYtOGY4OC0zNDM2M2JjN2M0YzAiOnsiY3JlYXRlIjo2MDAwMDAwMDAwMDAsImRlbGV0ZSI6MTIwMDAwMDAwMDAwMH0sInNjaGVtYV92ZXJzaW9uIjoiMSJ9",
          "dependencies": [
            "aws_vpc.main"
          ]
        },
        {
          "index_key": "private_back_b",
          "schema_version": 1,
          "attributes": {
            "arn": "arn:aws:ec2:us-east-1:242906888793:subnet/subnet-0e0e4a1c8811c3456",
            "assign_ipv6_address_on_creation": false,
            "availability_zone": "us-east-1b",
            "availability_zone_id": "use1-az1",
            "cidr_block": "10.0.16.0/24",
            "id": "subnet-0e0e4a1c8811c3456",
            "ipv6_cidr_block": "",
            "ipv6_cidr_block_association_id": "",
            "map_public_ip_on_launch": false,
            "owner_id": "242906888793",
            "tags": {
              "Name": "nsoroka-training-sn-private-back-b",
              "coherent:owner": "nikolaisoroka@coherentsolutions.com",
              "coherent:project": "devops-training"
            },
            "timeouts": null,
            "vpc_id": "vpc-011b2eb2998467946"
          },
          "private": "eyJlMmJmYjczMC1lY2FhLTExZTYtOGY4OC0zNDM2M2JjN2M0YzAiOnsiY3JlYXRlIjo2MDAwMDAwMDAwMDAsImRlbGV0ZSI6MTIwMDAwMDAwMDAwMH0sInNjaGVtYV92ZXJzaW9uIjoiMSJ9",
          "dependencies": [
            "aws_vpc.main"
          ]
        },
        {
          "index_key": "private_db_a",
          "schema_version": 1,
          "attributes": {
            "arn": "arn:aws:ec2:us-east-1:242906888793:subnet/subnet-07b4cc0483a70a3eb",
            "assign_ipv6_address_on_creation": false,
            "availability_zone": "us-east-1a",
            "availability_zone_id": "use1-az6",
            "cidr_block": "10.0.20.0/24",
            "id": "subnet-07b4cc0483a70a3eb",
            "ipv6_cidr_block": "",
            "ipv6_cidr_block_association_id": "",
            "map_public_ip_on_launch": false,
            "owner_id": "242906888793",
            "tags": {
              "Name": "nsoroka-training-sn-private-db-a",
              "coherent:owner": "nikolaisoroka@coherentsolutions.com",
              "coherent:project": "devops-training"
            },
            "timeouts": null,
            "vpc_id": "vpc-011b2eb2998467946"
          },
          "private": "eyJlMmJmYjczMC1lY2FhLTExZTYtOGY4OC0zNDM2M2JjN2M0YzAiOnsiY3JlYXRlIjo2MDAwMDAwMDAwMDAsImRlbGV0ZSI6MTIwMDAwMDAwMDAwMH0sInNjaGVtYV92ZXJzaW9uIjoiMSJ9",
          "dependencies": [
            "aws_vpc.main"
          ]
        },
        {
          "index_key": "private_db_b",
          "schema_version": 1,
          "attributes": {
            "arn": "arn:aws:ec2:us-east-1:242906888793:subnet/subnet-08e07a820350c28ab",
            "assign_ipv6_address_on_creation": false,
            "availability_zone": "us-east-1b",
            "availability_zone_id": "use1-az1",
            "cidr_block": "10.0.21.0/24",
            "id": "subnet-08e07a820350c28ab",
            "ipv6_cidr_block": "",
            "ipv6_cidr_block_association_id": "",
            "map_public_ip_on_launch": false,
            "owner_id": "242906888793",
            "tags": {
              "Name": "nsoroka-training-sn-private-db-b",
              "coherent:owner": "nikolaisoroka@coherentsolutions.com",
              "coherent:project": "devops-training"
            },
            "timeouts": null,
            "vpc_id": "vpc-011b2eb2998467946"
          },
          "private": "eyJlMmJmYjczMC1lY2FhLTExZTYtOGY4OC0zNDM2M2JjN2M0YzAiOnsiY3JlYXRlIjo2MDAwMDAwMDAwMDAsImRlbGV0ZSI6MTIwMDAwMDAwMDAwMH0sInNjaGVtYV92ZXJzaW9uIjoiMSJ9",
          "dependencies": [
            "aws_vpc.main"
          ]
        },
        {
          "index_key": "public_a",
          "schema_version": 1,
          "attributes": {
            "arn": "arn:aws:ec2:us-east-1:242906888793:subnet/subnet-0cc2bc17800719fb6",
            "assign_ipv6_address_on_creation": false,
            "availability_zone": "us-east-1a",
            "availability_zone_id": "use1-az6",
            "cidr_block": "10.0.0.0/24",
            "id": "subnet-0cc2bc17800719fb6",
            "ipv6_cidr_block": "",
            "ipv6_cidr_block_association_id": "",
            "map_public_ip_on_launch": true,
            "owner_id": "242906888793",
            "tags": {
              "Name": "nsoroka-training-sn-public-a",
              "coherent:owner": "nikolaisoroka@coherentsolutions.com",
              "coherent:project": "devops-training"
            },
            "timeouts": null,
            "vpc_id": "vpc-011b2eb2998467946"
          },
          "private": "eyJlMmJmYjczMC1lY2FhLTExZTYtOGY4OC0zNDM2M2JjN2M0YzAiOnsiY3JlYXRlIjo2MDAwMDAwMDAwMDAsImRlbGV0ZSI6MTIwMDAwMDAwMDAwMH0sInNjaGVtYV92ZXJzaW9uIjoiMSJ9",
          "dependencies": [
            "aws_vpc.main"
          ]
        },
        {
          "index_key": "public_b",
          "schema_version": 1,
          "attributes": {
            "arn": "arn:aws:ec2:us-east-1:242906888793:subnet/subnet-040bec0cbb240eba8",
            "assign_ipv6_address_on_creation": false,
            "availability_zone": "us-east-1b",
            "availability_zone_id": "use1-az1",
            "cidr_block": "10.0.1.0/24",
            "id": "subnet-040bec0cbb240eba8",
            "ipv6_cidr_block": "",
            "ipv6_cidr_block_association_id": "",
            "map_public_ip_on_launch": true,
            "owner_id": "242906888793",
            "tags": {
              "Name": "nsoroka-training-sn-public-b",
              "coherent:owner": "nikolaisoroka@coherentsolutions.com",
              "coherent:project": "devops-training"
            },
            "timeouts": null,
            "vpc_id": "vpc-011b2eb2998467946"
          },
          "private": "eyJlMmJmYjczMC1lY2FhLTExZTYtOGY4OC0zNDM2M2JjN2M0YzAiOnsiY3JlYXRlIjo2MDAwMDAwMDAwMDAsImRlbGV0ZSI6MTIwMDAwMDAwMDAwMH0sInNjaGVtYV92ZXJzaW9uIjoiMSJ9",
          "dependencies": [
            "aws_vpc.main"
          ]
        }
      ]
    },
    {
      "mode": "managed",
      "type": "aws_vpc",
      "name": "main",
      "provider": "provider.aws",
      "instances": [
        {
          "schema_version": 1,
          "attributes": {
            "arn": "arn:aws:ec2:us-east-1:242906888793:vpc/vpc-011b2eb2998467946",
            "assign_generated_ipv6_cidr_block": false,
            "cidr_block": "10.0.0.0/16",
            "default_network_acl_id": "acl-02bab2253e51ac465",
            "default_route_table_id": "rtb-0afd80f0ba0395198",
            "default_security_group_id": "sg-0cb399fef675ca85a",
            "dhcp_options_id": "dopt-fdee0a98",
            "enable_classiclink": false,
            "enable_classiclink_dns_support": false,
            "enable_dns_hostnames": false,
            "enable_dns_support": true,
            "id": "vpc-011b2eb2998467946",
            "instance_tenancy": "default",
            "ipv6_association_id": "",
            "ipv6_cidr_block": "",
            "main_route_table_id": "rtb-0afd80f0ba0395198",
            "owner_id": "242906888793",
            "tags": {
              "Name": "nsoroka-training-vpc",
              "coherent:owner": "nikolaisoroka@coherentsolutions.com",
              "coherent:project": "devops-training"
            }
          },
          "private": "eyJzY2hlbWFfdmVyc2lvbiI6IjEifQ=="
        }
      ]
    }
  ]
}
